
Microsoft Visual Studio Solution File, Format Version 12.00
# Visual Studio Version 17
VisualStudioVersion = 17.2.32630.192
MinimumVisualStudioVersion = 10.0.40219.1
Project("{FAE04EC0-301F-11D3-BF4B-00C04F79EFBC}") = "PruebaOTEK", "PruebaOTEK\PruebaOTEK.csproj", "{78C399FD-8C38-448D-BBA3-CCBA552715F1}"
EndProject
Global
	GlobalSection(SolutionConfigurationPlatforms) = preSolution
		Debug|Any CPU = Debug|Any CPU
		Release|Any CPU = Release|Any CPU
	EndGlobalSection
	GlobalSection(ProjectConfigurationPlatforms) = postSolution
		{78C399FD-8C38-448D-BBA3-CCBA552715F1}.Debug|Any CPU.ActiveCfg = Debug|Any CPU
		{78C399FD-8C38-448D-BBA3-CCBA552715F1}.Debug|Any CPU.Build.0 = Debug|Any CPU
		{78C399FD-8C38-448D-BBA3-CCBA552715F1}.Release|Any CPU.ActiveCfg = Release|Any CPU
		{78C399FD-8C38-448D-BBA3-CCBA552715F1}.Release|Any CPU.Build.0 = Release|Any CPU
	EndGlobalSection
	GlobalSection(SolutionProperties) = preSolution
		HideSolutionNode = FALSE
	EndGlobalSection
	GlobalSection(ExtensibilityGlobals) = postSolution
		SolutionGuid = {E6E7059B-4289-49E8-B650-D3AB5C3DD9A9}
	EndGlobalSection
EndGlobal
